
Microsoft Visual Studio Solution File, Format Version 12.00
# Visual Studio Version 16
VisualStudioVersion = 16.0.30406.217
MinimumVisualStudioVersion = 10.0.40219.1
Project("{FAE04EC0-301F-11D3-BF4B-00C04F79EFBC}") = "ResturantSystem", "ResturantSystem\ResturantSystem.csproj", "{49A183A7-E7E6-42DF-AB6C-6E9FF0D714F3}"
EndProject
Global
	GlobalSection(SolutionConfigurationPlatforms) = preSolution
		Debug|Any CPU = Debug|Any CPU
		Release|Any CPU = Release|Any CPU
	EndGlobalSection
	GlobalSection(ProjectConfigurationPlatforms) = postSolution
		{49A183A7-E7E6-42DF-AB6C-6E9FF0D714F3}.Debug|Any CPU.ActiveCfg = Debug|Any CPU
		{49A183A7-E7E6-42DF-AB6C-6E9FF0D714F3}.Debug|Any CPU.Build.0 = Debug|Any CPU
		{49A183A7-E7E6-42DF-AB6C-6E9FF0D714F3}.Release|Any CPU.ActiveCfg = Release|Any CPU
		{49A183A7-E7E6-42DF-AB6C-6E9FF0D714F3}.Release|Any CPU.Build.0 = Release|Any CPU
	EndGlobalSection
	GlobalSection(SolutionProperties) = preSolution
		HideSolutionNode = FALSE
	EndGlobalSection
	GlobalSection(ExtensibilityGlobals) = postSolution
		SolutionGuid = {FD8B0A2B-8E87-4803-92EE-765175D818A6}
	EndGlobalSection
EndGlobal
